
Microsoft Visual Studio Solution File, Format Version 12.00
# Visual Studio Version 17
VisualStudioVersion = 17.0.32126.317
MinimumVisualStudioVersion = 10.0.40219.1
Project("{8BC9CEB8-8B4A-11D0-8D11-00A0C91BC942}") = "study2.18", "study2.18.vcxproj", "{F068202A-0ABC-4F6E-98FF-3898149844E6}"
EndProject
Global
	GlobalSection(SolutionConfigurationPlatforms) = preSolution
		Debug|x64 = Debug|x64
		Debug|x86 = Debug|x86
		Release|x64 = Release|x64
		Release|x86 = Release|x86
	EndGlobalSection
	GlobalSection(ProjectConfigurationPlatforms) = postSolution
		{F068202A-0ABC-4F6E-98FF-3898149844E6}.Debug|x64.ActiveCfg = Debug|x64
		{F068202A-0ABC-4F6E-98FF-3898149844E6}.Debug|x64.Build.0 = Debug|x64
		{F068202A-0ABC-4F6E-98FF-3898149844E6}.Debug|x86.ActiveCfg = Debug|Win32
		{F068202A-0ABC-4F6E-98FF-3898149844E6}.Debug|x86.Build.0 = Debug|Win32
		{F068202A-0ABC-4F6E-98FF-3898149844E6}.Release|x64.ActiveCfg = Release|x64
		{F068202A-0ABC-4F6E-98FF-3898149844E6}.Release|x64.Build.0 = Release|x64
		{F068202A-0ABC-4F6E-98FF-3898149844E6}.Release|x86.ActiveCfg = Release|Win32
		{F068202A-0ABC-4F6E-98FF-3898149844E6}.Release|x86.Build.0 = Release|Win32
	EndGlobalSection
	GlobalSection(SolutionProperties) = preSolution
		HideSolutionNode = FALSE
	EndGlobalSection
	GlobalSection(ExtensibilityGlobals) = postSolution
		SolutionGuid = {77D393DC-68D3-41BD-B5CC-4EAB245D19AA}
	EndGlobalSection
EndGlobal
